// !$*UTF8*$!
{
	archiveVersion = 1;
	classes = {
	};
	objectVersion = 46;
	objects = {

/* Begin PBXBuildFile section */
		FC1F21051A0D6170003A6B83 /* AppDelegate.swift in Sources */ = {isa = PBXBuildFile; fileRef = FC1F21041A0D6170003A6B83 /* AppDelegate.swift */; };
		FC1F21091A0D6170003A6B83 /* GameScene.swift in Sources */ = {isa = PBXBuildFile; fileRef = FC1F21081A0D6170003A6B83 /* GameScene.swift */; };
		FC1F210B1A0D6170003A6B83 /* GameViewController.swift in Sources */ = {isa = PBXBuildFile; fileRef = FC1F210A1A0D6170003A6B83 /* GameViewController.swift */; };
		FC1F210E1A0D6170003A6B83 /* Main.storyboard in Resources */ = {isa = PBXBuildFile; fileRef = FC1F210C1A0D6170003A6B83 /* Main.storyboard */; };
		FC1F21101A0D6170003A6B83 /* Images.xcassets in Resources */ = {isa = PBXBuildFile; fileRef = FC1F210F1A0D6170003A6B83 /* Images.xcassets */; };
		FC1F21131A0D6170003A6B83 /* LaunchScreen.xib in Resources */ = {isa = PBXBuildFile; fileRef = FC1F21111A0D6170003A6B83 /* LaunchScreen.xib */; };
		FC1F211F1A0D6170003A6B83 /* TetrisTests.swift in Sources */ = {isa = PBXBuildFile; fileRef = FC1F211E1A0D6170003A6B83 /* TetrisTests.swift */; };
		FC1F212E1A0D624B003A6B83 /* bomb.mp3 in Resources */ = {isa = PBXBuildFile; fileRef = FC1F21291A0D624B003A6B83 /* bomb.mp3 */; };
		FC1F212F1A0D624B003A6B83 /* drop.mp3 in Resources */ = {isa = PBXBuildFile; fileRef = FC1F212A1A0D624B003A6B83 /* drop.mp3 */; };
		FC1F21301A0D624B003A6B83 /* gameover.mp3 in Resources */ = {isa = PBXBuildFile; fileRef = FC1F212B1A0D624B003A6B83 /* gameover.mp3 */; };
		FC1F21311A0D624B003A6B83 /* levelup.mp3 in Resources */ = {isa = PBXBuildFile; fileRef = FC1F212C1A0D624B003A6B83 /* levelup.mp3 */; };
		FC1F21321A0D624B003A6B83 /* theme.mp3 in Resources */ = {isa = PBXBuildFile; fileRef = FC1F212D1A0D624B003A6B83 /* theme.mp3 */; };
		FC1F21341A0D6276003A6B83 /* Sprites.atlas in Resources */ = {isa = PBXBuildFile; fileRef = FC1F21331A0D6276003A6B83 /* Sprites.atlas */; };
		FC1F213B1A0D6285003A6B83 /* background.png in Resources */ = {isa = PBXBuildFile; fileRef = FC1F21351A0D6285003A6B83 /* background.png */; };
		FC1F213C1A0D6285003A6B83 /* background@2x.png in Resources */ = {isa = PBXBuildFile; fileRef = FC1F21361A0D6285003A6B83 /* background@2x.png */; };
		FC1F213D1A0D6285003A6B83 /* gameboard.png in Resources */ = {isa = PBXBuildFile; fileRef = FC1F21371A0D6285003A6B83 /* gameboard.png */; };
		FC1F213E1A0D6285003A6B83 /* gameboard@2x.png in Resources */ = {isa = PBXBuildFile; fileRef = FC1F21381A0D6285003A6B83 /* gameboard@2x.png */; };
		FC1F213F1A0D6285003A6B83 /* whitebg.png in Resources */ = {isa = PBXBuildFile; fileRef = FC1F21391A0D6285003A6B83 /* whitebg.png */; };
		FC1F21401A0D6285003A6B83 /* whitebg@2x.png in Resources */ = {isa = PBXBuildFile; fileRef = FC1F213A1A0D6285003A6B83 /* whitebg@2x.png */; };
		FC1F21421A0D8F23003A6B83 /* Array2D.swift in Sources */ = {isa = PBXBuildFile; fileRef = FC1F21411A0D8F23003A6B83 /* Array2D.swift */; };
		FC4C56B01A1A7FA400C2DC09 /* Block.swift in Sources */ = {isa = PBXBuildFile; fileRef = FC4C56AF1A1A7FA400C2DC09 /* Block.swift */; };
		FC71A14A1A1FE2C100C76514 /* Shape.swift in Sources */ = {isa = PBXBuildFile; fileRef = FC71A1491A1FE2C100C76514 /* Shape.swift */; };
		FC8578251A3B919700AD69F9 /* GameOverViewController.swift in Sources */ = {isa = PBXBuildFile; fileRef = FC8578241A3B919700AD69F9 /* GameOverViewController.swift */; };
		FCDC64F01A3A265300A7AC17 /* SquareShape.swift in Sources */ = {isa = PBXBuildFile; fileRef = FCDC64EF1A3A265300A7AC17 /* SquareShape.swift */; };
		FCDC64F21A3A288800A7AC17 /* TShape.swift in Sources */ = {isa = PBXBuildFile; fileRef = FCDC64F11A3A288800A7AC17 /* TShape.swift */; };
		FCDC64F61A3A2C7500A7AC17 /* LineShape.swift in Sources */ = {isa = PBXBuildFile; fileRef = FCDC64F51A3A2C7500A7AC17 /* LineShape.swift */; };
		FCDC64F81A3A2E0E00A7AC17 /* LShape.swift in Sources */ = {isa = PBXBuildFile; fileRef = FCDC64F71A3A2E0E00A7AC17 /* LShape.swift */; };
		FCDC64FA1A3A305D00A7AC17 /* JShape.swift in Sources */ = {isa = PBXBuildFile; fileRef = FCDC64F91A3A305D00A7AC17 /* JShape.swift */; };
		FCDC64FC1A3A30E300A7AC17 /* SShape.swift in Sources */ = {isa = PBXBuildFile; fileRef = FCDC64FB1A3A30E200A7AC17 /* SShape.swift */; };
		FCDC64FE1A3A325D00A7AC17 /* ZShape.swift in Sources */ = {isa = PBXBuildFile; fileRef = FCDC64FD1A3A325D00A7AC17 /* ZShape.swift */; };
		FCDC65001A3A3C9500A7AC17 /* Tetris.swift in Sources */ = {isa = PBXBuildFile; fileRef = FCDC64FF1A3A3C9500A7AC17 /* Tetris.swift */; };
/* End PBXBuildFile section */

/* Begin PBXContainerItemProxy section */
		FC1F21191A0D6170003A6B83 /* PBXContainerItemProxy */ = {
			isa = PBXContainerItemProxy;
			containerPortal = FC1F20F71A0D6170003A6B83 /* Project object */;
			proxyType = 1;
			remoteGlobalIDString = FC1F20FE1A0D6170003A6B83;
			remoteInfo = Tetris;
		};
/* End PBXContainerItemProxy section */

/* Begin PBXFileReference section */
		FC1F20FF1A0D6170003A6B83 /* Tetris.app */ = {isa = PBXFileReference; explicitFileType = wrapper.application; includeInIndex = 0; path = Tetris.app; sourceTree = BUILT_PRODUCTS_DIR; };
		FC1F21031A0D6170003A6B83 /* Info.plist */ = {isa = PBXFileReference; lastKnownFileType = text.plist.xml; path = Info.plist; sourceTree = "<group>"; };
		FC1F21041A0D6170003A6B83 /* AppDelegate.swift */ = {isa = PBXFileReference; lastKnownFileType = sourcecode.swift; path = AppDelegate.swift; sourceTree = "<group>"; };
		FC1F21081A0D6170003A6B83 /* GameScene.swift */ = {isa = PBXFileReference; lastKnownFileType = sourcecode.swift; path = GameScene.swift; sourceTree = "<group>"; };
		FC1F210A1A0D6170003A6B83 /* GameViewController.swift */ = {isa = PBXFileReference; lastKnownFileType = sourcecode.swift; path = GameViewController.swift; sourceTree = "<group>"; };
		FC1F210D1A0D6170003A6B83 /* Base */ = {isa = PBXFileReference; lastKnownFileType = file.storyboard; name = Base; path = Base.lproj/Main.storyboard; sourceTree = "<group>"; };
		FC1F210F1A0D6170003A6B83 /* Images.xcassets */ = {isa = PBXFileReference; lastKnownFileType = folder.assetcatalog; path = Images.xcassets; sourceTree = "<group>"; };
		FC1F21121A0D6170003A6B83 /* Base */ = {isa = PBXFileReference; lastKnownFileType = file.xib; name = Base; path = Base.lproj/LaunchScreen.xib; sourceTree = "<group>"; };
		FC1F21181A0D6170003A6B83 /* TetrisTests.xctest */ = {isa = PBXFileReference; explicitFileType = wrapper.cfbundle; includeInIndex = 0; path = TetrisTests.xctest; sourceTree = BUILT_PRODUCTS_DIR; };
		FC1F211D1A0D6170003A6B83 /* Info.plist */ = {isa = PBXFileReference; lastKnownFileType = text.plist.xml; path = Info.plist; sourceTree = "<group>"; };
		FC1F211E1A0D6170003A6B83 /* TetrisTests.swift */ = {isa = PBXFileReference; lastKnownFileType = sourcecode.swift; path = TetrisTests.swift; sourceTree = "<group>"; };
		FC1F21291A0D624B003A6B83 /* bomb.mp3 */ = {isa = PBXFileReference; lastKnownFileType = audio.mp3; path = bomb.mp3; sourceTree = "<group>"; };
		FC1F212A1A0D624B003A6B83 /* drop.mp3 */ = {isa = PBXFileReference; lastKnownFileType = audio.mp3; path = drop.mp3; sourceTree = "<group>"; };
		FC1F212B1A0D624B003A6B83 /* gameover.mp3 */ = {isa = PBXFileReference; lastKnownFileType = audio.mp3; path = gameover.mp3; sourceTree = "<group>"; };
		FC1F212C1A0D624B003A6B83 /* levelup.mp3 */ = {isa = PBXFileReference; lastKnownFileType = audio.mp3; path = levelup.mp3; sourceTree = "<group>"; };
		FC1F212D1A0D624B003A6B83 /* theme.mp3 */ = {isa = PBXFileReference; lastKnownFileType = audio.mp3; path = theme.mp3; sourceTree = "<group>"; };
		FC1F21331A0D6276003A6B83 /* Sprites.atlas */ = {isa = PBXFileReference; lastKnownFileType = folder.skatlas; path = Sprites.atlas; sourceTree = "<group>"; };
		FC1F21351A0D6285003A6B83 /* background.png */ = {isa = PBXFileReference; lastKnownFileType = image.png; path = background.png; sourceTree = "<group>"; };
		FC1F21361A0D6285003A6B83 /* background@2x.png */ = {isa = PBXFileReference; lastKnownFileType = image.png; path = "background@2x.png"; sourceTree = "<group>"; };
		FC1F21371A0D6285003A6B83 /* gameboard.png */ = {isa = PBXFileReference; lastKnownFileType = image.png; path = gameboard.png; sourceTree = "<group>"; };
		FC1F21381A0D6285003A6B83 /* gameboard@2x.png */ = {isa = PBXFileReference; lastKnownFileType = image.png; path = "gameboard@2x.png"; sourceTree = "<group>"; };
		FC1F21391A0D6285003A6B83 /* whitebg.png */ = {isa = PBXFileReference; lastKnownFileType = image.png; path = whitebg.png; sourceTree = "<group>"; };
		FC1F213A1A0D6285003A6B83 /* whitebg@2x.png */ = {isa = PBXFileReference; lastKnownFileType = image.png; path = "whitebg@2x.png"; sourceTree = "<group>"; };
		FC1F21411A0D8F23003A6B83 /* Array2D.swift */ = {isa = PBXFileReference; fileEncoding = 4; lastKnownFileType = sourcecode.swift; path = Array2D.swift; sourceTree = "<group>"; };
		FC4C56AF1A1A7FA400C2DC09 /* Block.swift */ = {isa = PBXFileReference; fileEncoding = 4; lastKnownFileType = sourcecode.swift; path = Block.swift; sourceTree = "<group>"; };
		FC71A1491A1FE2C100C76514 /* Shape.swift */ = {isa = PBXFileReference; fileEncoding = 4; lastKnownFileType = sourcecode.swift; path = Shape.swift; sourceTree = "<group>"; };
		FC8578241A3B919700AD69F9 /* GameOverViewController.swift */ = {isa = PBXFileReference; fileEncoding = 4; lastKnownFileType = sourcecode.swift; path = GameOverViewController.swift; sourceTree = "<group>"; };
		FCDC64EF1A3A265300A7AC17 /* SquareShape.swift */ = {isa = PBXFileReference; fileEncoding = 4; lastKnownFileType = sourcecode.swift; path = SquareShape.swift; sourceTree = "<group>"; };
		FCDC64F11A3A288800A7AC17 /* TShape.swift */ = {isa = PBXFileReference; fileEncoding = 4; lastKnownFileType = sourcecode.swift; path = TShape.swift; sourceTree = "<group>"; };
		FCDC64F51A3A2C7500A7AC17 /* LineShape.swift */ = {isa = PBXFileReference; fileEncoding = 4; lastKnownFileType = sourcecode.swift; path = LineShape.swift; sourceTree = "<group>"; };
		FCDC64F71A3A2E0E00A7AC17 /* LShape.swift */ = {isa = PBXFileReference; fileEncoding = 4; lastKnownFileType = sourcecode.swift; path = LShape.swift; sourceTree = "<group>"; };
		FCDC64F91A3A305D00A7AC17 /* JShape.swift */ = {isa = PBXFileReference; fileEncoding = 4; lastKnownFileType = sourcecode.swift; path = JShape.swift; sourceTree = "<group>"; };
		FCDC64FB1A3A30E200A7AC17 /* SShape.swift */ = {isa = PBXFileReference; fileEncoding = 4; lastKnownFileType = sourcecode.swift; path = SShape.swift; sourceTree = "<group>"; };
		FCDC64FD1A3A325D00A7AC17 /* ZShape.swift */ = {isa = PBXFileReference; fileEncoding = 4; lastKnownFileType = sourcecode.swift; path = ZShape.swift; sourceTree = "<group>"; };
		FCDC64FF1A3A3C9500A7AC17 /* Tetris.swift */ = {isa = PBXFileReference; fileEncoding = 4; lastKnownFileType = sourcecode.swift; path = Tetris.swift; sourceTree = "<group>"; };
/* End PBXFileReference section */

/* Begin PBXFrameworksBuildPhase section */
		FC1F20FC1A0D6170003A6B83 /* Frameworks */ = {
			isa = PBXFrameworksBuildPhase;
			buildActionMask = 2147483647;
			files = (
			);
			runOnlyForDeploymentPostprocessing = 0;
		};
		FC1F21151A0D6170003A6B83 /* Frameworks */ = {
			isa = PBXFrameworksBuildPhase;
			buildActionMask = 2147483647;
			files = (
			);
			runOnlyForDeploymentPostprocessing = 0;
		};
/* End PBXFrameworksBuildPhase section */

/* Begin PBXGroup section */
		FC1F20F61A0D6170003A6B83 = {
			isa = PBXGroup;
			children = (
				FC1F21011A0D6170003A6B83 /* Tetris */,
				FC1F211B1A0D6170003A6B83 /* TetrisTests */,
				FC1F21001A0D6170003A6B83 /* Products */,
			);
			sourceTree = "<group>";
		};
		FC1F21001A0D6170003A6B83 /* Products */ = {
			isa = PBXGroup;
			children = (
				FC1F20FF1A0D6170003A6B83 /* Tetris.app */,
				FC1F21181A0D6170003A6B83 /* TetrisTests.xctest */,
			);
			name = Products;
			sourceTree = "<group>";
		};
		FC1F21011A0D6170003A6B83 /* Tetris */ = {
			isa = PBXGroup;
			children = (
				FC1F21041A0D6170003A6B83 /* AppDelegate.swift */,
				FC1F21081A0D6170003A6B83 /* GameScene.swift */,
				FC1F210A1A0D6170003A6B83 /* GameViewController.swift */,
				FC8578241A3B919700AD69F9 /* GameOverViewController.swift */,
				FC1F210C1A0D6170003A6B83 /* Main.storyboard */,
				FC1F210F1A0D6170003A6B83 /* Images.xcassets */,
				FC1F21111A0D6170003A6B83 /* LaunchScreen.xib */,
				FC1F21331A0D6276003A6B83 /* Sprites.atlas */,
				FC1F21281A0D624B003A6B83 /* Sounds */,
				FC1F21021A0D6170003A6B83 /* Supporting Files */,
				FC1F21411A0D8F23003A6B83 /* Array2D.swift */,
				FC4C56AF1A1A7FA400C2DC09 /* Block.swift */,
				FCDC64FF1A3A3C9500A7AC17 /* Tetris.swift */,
				FC71A1491A1FE2C100C76514 /* Shape.swift */,
				FCDC64EF1A3A265300A7AC17 /* SquareShape.swift */,
				FCDC64F11A3A288800A7AC17 /* TShape.swift */,
				FCDC64F71A3A2E0E00A7AC17 /* LShape.swift */,
				FCDC64F91A3A305D00A7AC17 /* JShape.swift */,
				FCDC64FD1A3A325D00A7AC17 /* ZShape.swift */,
				FCDC64FB1A3A30E200A7AC17 /* SShape.swift */,
				FCDC64F51A3A2C7500A7AC17 /* LineShape.swift */,
			);
			path = Tetris;
			sourceTree = "<group>";
		};
		FC1F21021A0D6170003A6B83 /* Supporting Files */ = {
			isa = PBXGroup;
			children = (
				FC1F21351A0D6285003A6B83 /* background.png */,
				FC1F21361A0D6285003A6B83 /* background@2x.png */,
				FC1F21371A0D6285003A6B83 /* gameboard.png */,
				FC1F21381A0D6285003A6B83 /* gameboard@2x.png */,
				FC1F21391A0D6285003A6B83 /* whitebg.png */,
				FC1F213A1A0D6285003A6B83 /* whitebg@2x.png */,
				FC1F21031A0D6170003A6B83 /* Info.plist */,
			);
			name = "Supporting Files";
			sourceTree = "<group>";
		};
		FC1F211B1A0D6170003A6B83 /* TetrisTests */ = {
			isa = PBXGroup;
			children = (
				FC1F211E1A0D6170003A6B83 /* TetrisTests.swift */,
				FC1F211C1A0D6170003A6B83 /* Supporting Files */,
			);
			path = TetrisTests;
			sourceTree = "<group>";
		};
		FC1F211C1A0D6170003A6B83 /* Supporting Files */ = {
			isa = PBXGroup;
			children = (
				FC1F211D1A0D6170003A6B83 /* Info.plist */,
			);
			name = "Supporting Files";
			sourceTree = "<group>";
		};
		FC1F21281A0D624B003A6B83 /* Sounds */ = {
			isa = PBXGroup;
			children = (
				FC1F21291A0D624B003A6B83 /* bomb.mp3 */,
				FC1F212A1A0D624B003A6B83 /* drop.mp3 */,
				FC1F212B1A0D624B003A6B83 /* gameover.mp3 */,
				FC1F212C1A0D624B003A6B83 /* levelup.mp3 */,
				FC1F212D1A0D624B003A6B83 /* theme.mp3 */,
			);
			path = Sounds;
			sourceTree = "<group>";
		};
/* End PBXGroup section */

/* Begin PBXNativeTarget section */
		FC1F20FE1A0D6170003A6B83 /* Tetris */ = {
			isa = PBXNativeTarget;
			buildConfigurationList = FC1F21221A0D6170003A6B83 /* Build configuration list for PBXNativeTarget "Tetris" */;
			buildPhases = (
				FC1F20FB1A0D6170003A6B83 /* Sources */,
				FC1F20FC1A0D6170003A6B83 /* Frameworks */,
				FC1F20FD1A0D6170003A6B83 /* Resources */,
			);
			buildRules = (
			);
			dependencies = (
			);
			name = Tetris;
			productName = Tetris;
			productReference = FC1F20FF1A0D6170003A6B83 /* Tetris.app */;
			productType = "com.apple.product-type.application";
		};
		FC1F21171A0D6170003A6B83 /* TetrisTests */ = {
			isa = PBXNativeTarget;
			buildConfigurationList = FC1F21251A0D6170003A6B83 /* Build configuration list for PBXNativeTarget "TetrisTests" */;
			buildPhases = (
				FC1F21141A0D6170003A6B83 /* Sources */,
				FC1F21151A0D6170003A6B83 /* Frameworks */,
				FC1F21161A0D6170003A6B83 /* Resources */,
			);
			buildRules = (
			);
			dependencies = (
				FC1F211A1A0D6170003A6B83 /* PBXTargetDependency */,
			);
			name = TetrisTests;
			productName = TetrisTests;
			productReference = FC1F21181A0D6170003A6B83 /* TetrisTests.xctest */;
			productType = "com.apple.product-type.bundle.unit-test";
		};
/* End PBXNativeTarget section */

/* Begin PBXProject section */
		FC1F20F71A0D6170003A6B83 /* Project object */ = {
			isa = PBXProject;
			attributes = {
				LastUpgradeCheck = 0610;
				ORGANIZATIONNAME = "Austin Wu";
				TargetAttributes = {
					FC1F20FE1A0D6170003A6B83 = {
						CreatedOnToolsVersion = 6.1;
					};
					FC1F21171A0D6170003A6B83 = {
						CreatedOnToolsVersion = 6.1;
						TestTargetID = FC1F20FE1A0D6170003A6B83;
					};
				};
			};
			buildConfigurationList = FC1F20FA1A0D6170003A6B83 /* Build configuration list for PBXProject "Tetris" */;
			compatibilityVersion = "Xcode 3.2";
			developmentRegion = English;
			hasScannedForEncodings = 0;
			knownRegions = (
				en,
				Base,
			);
			mainGroup = FC1F20F61A0D6170003A6B83;
			productRefGroup = FC1F21001A0D6170003A6B83 /* Products */;
			projectDirPath = "";
			projectRoot = "";
			targets = (
				FC1F20FE1A0D6170003A6B83 /* Tetris */,
				FC1F21171A0D6170003A6B83 /* TetrisTests */,
			);
		};
/* End PBXProject section */

/* Begin PBXResourcesBuildPhase section */
		FC1F20FD1A0D6170003A6B83 /* Resources */ = {
			isa = PBXResourcesBuildPhase;
			buildActionMask = 2147483647;
			files = (
				FC1F21131A0D6170003A6B83 /* LaunchScreen.xib in Resources */,
				FC1F213C1A0D6285003A6B83 /* background@2x.png in Resources */,
				FC1F213F1A0D6285003A6B83 /* whitebg.png in Resources */,
				FC1F213E1A0D6285003A6B83 /* gameboard@2x.png in Resources */,
				FC1F213D1A0D6285003A6B83 /* gameboard.png in Resources */,
				FC1F213B1A0D6285003A6B83 /* background.png in Resources */,
				FC1F212F1A0D624B003A6B83 /* drop.mp3 in Resources */,
				FC1F21401A0D6285003A6B83 /* whitebg@2x.png in Resources */,
				FC1F21321A0D624B003A6B83 /* theme.mp3 in Resources */,
				FC1F21301A0D624B003A6B83 /* gameover.mp3 in Resources */,
				FC1F21101A0D6170003A6B83 /* Images.xcassets in Resources */,
				FC1F21311A0D624B003A6B83 /* levelup.mp3 in Resources */,
				FC1F21341A0D6276003A6B83 /* Sprites.atlas in Resources */,
				FC1F212E1A0D624B003A6B83 /* bomb.mp3 in Resources */,
				FC1F210E1A0D6170003A6B83 /* Main.storyboard in Resources */,
			);
			runOnlyForDeploymentPostprocessing = 0;
		};
		FC1F21161A0D6170003A6B83 /* Resources */ = {
			isa = PBXResourcesBuildPhase;
			buildActionMask = 2147483647;
			files = (
			);
			runOnlyForDeploymentPostprocessing = 0;
		};
/* End PBXResourcesBuildPhase section */

/* Begin PBXSourcesBuildPhase section */
		FC1F20FB1A0D6170003A6B83 /* Sources */ = {
			isa = PBXSourcesBuildPhase;
			buildActionMask = 2147483647;
			files = (
				FCDC64F81A3A2E0E00A7AC17 /* LShape.swift in Sources */,
				FCDC64F01A3A265300A7AC17 /* SquareShape.swift in Sources */,
				FCDC65001A3A3C9500A7AC17 /* Tetris.swift in Sources */,
				FC1F21091A0D6170003A6B83 /* GameScene.swift in Sources */,
				FCDC64FA1A3A305D00A7AC17 /* JShape.swift in Sources */,
				FC71A14A1A1FE2C100C76514 /* Shape.swift in Sources */,
				FC1F21421A0D8F23003A6B83 /* Array2D.swift in Sources */,
				FCDC64F61A3A2C7500A7AC17 /* LineShape.swift in Sources */,
				FCDC64FC1A3A30E300A7AC17 /* SShape.swift in Sources */,
				FCDC64F21A3A288800A7AC17 /* TShape.swift in Sources */,
				FC4C56B01A1A7FA400C2DC09 /* Block.swift in Sources */,
				FC8578251A3B919700AD69F9 /* GameOverViewController.swift in Sources */,
				FC1F210B1A0D6170003A6B83 /* GameViewController.swift in Sources */,
				FCDC64FE1A3A325D00A7AC17 /* ZShape.swift in Sources */,
				FC1F21051A0D6170003A6B83 /* AppDelegate.swift in Sources */,
			);
			runOnlyForDeploymentPostprocessing = 0;
		};
		FC1F21141A0D6170003A6B83 /* Sources */ = {
			isa = PBXSourcesBuildPhase;
			buildActionMask = 2147483647;
			files = (
				FC1F211F1A0D6170003A6B83 /* TetrisTests.swift in Sources */,
			);
			runOnlyForDeploymentPostprocessing = 0;
		};
/* End PBXSourcesBuildPhase section */

/* Begin PBXTargetDependency section */
		FC1F211A1A0D6170003A6B83 /* PBXTargetDependency */ = {
			isa = PBXTargetDependency;
			target = FC1F20FE1A0D6170003A6B83 /* Tetris */;
			targetProxy = FC1F21191A0D6170003A6B83 /* PBXContainerItemProxy */;
		};
/* End PBXTargetDependency section */

/* Begin PBXVariantGroup section */
		FC1F210C1A0D6170003A6B83 /* Main.storyboard */ = {
			isa = PBXVariantGroup;
			children = (
				FC1F210D1A0D6170003A6B83 /* Base */,
			);
			name = Main.storyboard;
			sourceTree = "<group>";
		};
		FC1F21111A0D6170003A6B83 /* LaunchScreen.xib */ = {
			isa = PBXVariantGroup;
			children = (
				FC1F21121A0D6170003A6B83 /* Base */,
			);
			name = LaunchScreen.xib;
			sourceTree = "<group>";
		};
/* End PBXVariantGroup section */

/* Begin XCBuildConfiguration section */
		FC1F21201A0D6170003A6B83 /* Debug */ = {
			isa = XCBuildConfiguration;
			buildSettings = {
				ALWAYS_SEARCH_USER_PATHS = NO;
				CLANG_CXX_LANGUAGE_STANDARD = "gnu++0x";
				CLANG_CXX_LIBRARY = "libc++";
				CLANG_ENABLE_MODULES = YES;
				CLANG_ENABLE_OBJC_ARC = YES;
				CLANG_WARN_BOOL_CONVERSION = YES;
				CLANG_WARN_CONSTANT_CONVERSION = YES;
				CLANG_WARN_DIRECT_OBJC_ISA_USAGE = YES_ERROR;
				CLANG_WARN_EMPTY_BODY = YES;
				CLANG_WARN_ENUM_CONVERSION = YES;
				CLANG_WARN_INT_CONVERSION = YES;
				CLANG_WARN_OBJC_ROOT_CLASS = YES_ERROR;
				CLANG_WARN_UNREACHABLE_CODE = YES;
				CLANG_WARN__DUPLICATE_METHOD_MATCH = YES;
				"CODE_SIGN_IDENTITY[sdk=iphoneos*]" = "iPhone Developer";
				COPY_PHASE_STRIP = NO;
				ENABLE_STRICT_OBJC_MSGSEND = YES;
				GCC_C_LANGUAGE_STANDARD = gnu99;
				GCC_DYNAMIC_NO_PIC = NO;
				GCC_OPTIMIZATION_LEVEL = 0;
				GCC_PREPROCESSOR_DEFINITIONS = (
					"DEBUG=1",
					"$(inherited)",
				);
				GCC_SYMBOLS_PRIVATE_EXTERN = NO;
				GCC_WARN_64_TO_32_BIT_CONVERSION = YES;
				GCC_WARN_ABOUT_RETURN_TYPE = YES_ERROR;
				GCC_WARN_UNDECLARED_SELECTOR = YES;
				GCC_WARN_UNINITIALIZED_AUTOS = YES_AGGRESSIVE;
				GCC_WARN_UNUSED_FUNCTION = YES;
				GCC_WARN_UNUSED_VARIABLE = YES;
				IPHONEOS_DEPLOYMENT_TARGET = 8.1;
				MTL_ENABLE_DEBUG_INFO = YES;
				ONLY_ACTIVE_ARCH = YES;
				SDKROOT = iphoneos;
				SWIFT_OPTIMIZATION_LEVEL = "-Onone";
			};
			name = Debug;
		};
		FC1F21211A0D6170003A6B83 /* Release */ = {
			isa = XCBuildConfiguration;
			buildSettings = {
				ALWAYS_SEARCH_USER_PATHS = NO;
				CLANG_CXX_LANGUAGE_STANDARD = "gnu++0x";
				CLANG_CXX_LIBRARY = "libc++";
				CLANG_ENABLE_MODULES = YES;
				CLANG_ENABLE_OBJC_ARC = YES;
				CLANG_WARN_BOOL_CONVERSION = YES;
				CLANG_WARN_CONSTANT_CONVERSION = YES;
				CLANG_WARN_DIRECT_OBJC_ISA_USAGE = YES_ERROR;
				CLANG_WARN_EMPTY_BODY = YES;
				CLANG_WARN_ENUM_CONVERSION = YES;
				CLANG_WARN_INT_CONVERSION = YES;
				CLANG_WARN_OBJC_ROOT_CLASS = YES_ERROR;
				CLANG_WARN_UNREACHABLE_CODE = YES;
				CLANG_WARN__DUPLICATE_METHOD_MATCH = YES;
				"CODE_SIGN_IDENTITY[sdk=iphoneos*]" = "iPhone Developer";
				COPY_PHASE_STRIP = YES;
				ENABLE_NS_ASSERTIONS = NO;
				ENABLE_STRICT_OBJC_MSGSEND = YES;
				GCC_C_LANGUAGE_STANDARD = gnu99;
				GCC_WARN_64_TO_32_BIT_CONVERSION = YES;
				GCC_WARN_ABOUT_RETURN_TYPE = YES_ERROR;
				GCC_WARN_UNDECLARED_SELECTOR = YES;
				GCC_WARN_UNINITIALIZED_AUTOS = YES_AGGRESSIVE;
				GCC_WARN_UNUSED_FUNCTION = YES;
				GCC_WARN_UNUSED_VARIABLE = YES;
				IPHONEOS_DEPLOYMENT_TARGET = 8.1;
				MTL_ENABLE_DEBUG_INFO = NO;
				SDKROOT = iphoneos;
				VALIDATE_PRODUCT = YES;
			};
			name = Release;
		};
		FC1F21231A0D6170003A6B83 /* Debug */ = {
			isa = XCBuildConfiguration;
			buildSettings = {
				ASSETCATALOG_COMPILER_APPICON_NAME = AppIcon;
				INFOPLIST_FILE = Tetris/Info.plist;
				LD_RUNPATH_SEARCH_PATHS = "$(inherited) @executable_path/Frameworks";
				PRODUCT_NAME = "$(TARGET_NAME)";
			};
			name = Debug;
		};
		FC1F21241A0D6170003A6B83 /* Release */ = {
			isa = XCBuildConfiguration;
			buildSettings = {
				ASSETCATALOG_COMPILER_APPICON_NAME = AppIcon;
				INFOPLIST_FILE = Tetris/Info.plist;
				LD_RUNPATH_SEARCH_PATHS = "$(inherited) @executable_path/Frameworks";
				PRODUCT_NAME = "$(TARGET_NAME)";
			};
			name = Release;
		};
		FC1F21261A0D6170003A6B83 /* Debug */ = {
			isa = XCBuildConfiguration;
			buildSettings = {
				BUNDLE_LOADER = "$(TEST_HOST)";
				FRAMEWORK_SEARCH_PATHS = (
					"$(SDKROOT)/Developer/Library/Frameworks",
					"$(inherited)",
				);
				GCC_PREPROCESSOR_DEFINITIONS = (
					"DEBUG=1",
					"$(inherited)",
				);
				INFOPLIST_FILE = TetrisTests/Info.plist;
				LD_RUNPATH_SEARCH_PATHS = "$(inherited) @executable_path/Frameworks @loader_path/Frameworks";
				PRODUCT_NAME = "$(TARGET_NAME)";
				TEST_HOST = "$(BUILT_PRODUCTS_DIR)/Tetris.app/Tetris";
			};
			name = Debug;
		};
		FC1F21271A0D6170003A6B83 /* Release */ = {
			isa = XCBuildConfiguration;
			buildSettings = {
				BUNDLE_LOADER = "$(TEST_HOST)";
				FRAMEWORK_SEARCH_PATHS = (
					"$(SDKROOT)/Developer/Library/Frameworks",
					"$(inherited)",
				);
				INFOPLIST_FILE = TetrisTests/Info.plist;
				LD_RUNPATH_SEARCH_PATHS = "$(inherited) @executable_path/Frameworks @loader_path/Frameworks";
				PRODUCT_NAME = "$(TARGET_NAME)";
				TEST_HOST = "$(BUILT_PRODUCTS_DIR)/Tetris.app/Tetris";
			};
			name = Release;
		};
/* End XCBuildConfiguration section */

/* Begin XCConfigurationList section */
		FC1F20FA1A0D6170003A6B83 /* Build configuration list for PBXProject "Tetris" */ = {
			isa = XCConfigurationList;
			buildConfigurations = (
				FC1F21201A0D6170003A6B83 /* Debug */,
				FC1F21211A0D6170003A6B83 /* Release */,
			);
			defaultConfigurationIsVisible = 0;
			defaultConfigurationName = Release;
		};
		FC1F21221A0D6170003A6B83 /* Build configuration list for PBXNativeTarget "Tetris" */ = {
			isa = XCConfigurationList;
			buildConfigurations = (
				FC1F21231A0D6170003A6B83 /* Debug */,
				FC1F21241A0D6170003A6B83 /* Release */,
			);
			defaultConfigurationIsVisible = 0;
			defaultConfigurationName = Release;
		};
		FC1F21251A0D6170003A6B83 /* Build configuration list for PBXNativeTarget "TetrisTests" */ = {
			isa = XCConfigurationList;
			buildConfigurations = (
				FC1F21261A0D6170003A6B83 /* Debug */,
				FC1F21271A0D6170003A6B83 /* Release */,
			);
			defaultConfigurationIsVisible = 0;
			defaultConfigurationName = Release;
		};
/* End XCConfigurationList section */
	};
	rootObject = FC1F20F71A0D6170003A6B83 /* Project object */;
}
